{
  "version": 4,
  "terraform_version": "1.8.2",
  "serial": 864,
  "lineage": "d0016308-485e-1020-3ebd-8cf53170994e",
  "outputs": {
    "memcached_endpoint": {
      "value": "cluster-memcached.9egdye.0001.use1.cache.amazonaws.com",
      "type": "string"
    }
  },
  "resources": [
    {
      "mode": "managed",
      "type": "aws_autoscaling_attachment",
      "name": "asg_attachment",
      "provider": "provider[\"registry.terraform.io/hashicorp/aws\"]",
      "instances": [
        {
          "schema_version": 0,
          "attributes": {
            "autoscaling_group_name": "terraform-20241019133322630800000009",
            "elb": null,
            "id": "terraform-20241019133322630800000009-2024101913334144220000000a",
            "lb_target_group_arn": "arn:aws:elasticloadbalancing:us-east-1:851725301601:targetgroup/wordpress-target-group/b008af7cb07b3d07"
          },
          "sensitive_attributes": [],
          "private": "bnVsbA==",
          "dependencies": [
            "aws_autoscaling_group.wordpress_asg",
            "aws_db_instance.bdword",
            "aws_db_subnet_group.db_subnet_group",
            "aws_efs_file_system.file_system_1",
            "aws_elasticache_cluster.cache_cluster",
            "aws_elasticache_subnet_group.this",
            "aws_key_pair.keypair",
            "aws_launch_template.wordpress_lt",
            "aws_lb_target_group.wordpress_tg",
            "aws_security_group.allow_rds",
            "aws_security_group.sc-ec2-wordpress",
            "aws_security_group.sg_elastic-cache",
            "aws_subnet.subnet-private-2a",
            "aws_subnet.subnet-private-2b",
            "aws_subnet.subnet-public-1a",
            "aws_subnet.subnet-public-1b",
            "aws_vpc.mainvpc"
          ]
        }
      ]
    },
    {
      "mode": "managed",
      "type": "aws_autoscaling_group",
      "name": "wordpress_asg",
      "provider": "provider[\"registry.terraform.io/hashicorp/aws\"]",
      "instances": [
        {
          "schema_version": 1,
          "attributes": {
            "arn": "arn:aws:autoscaling:us-east-1:851725301601:autoScalingGroup:f89e7806-454f-41bf-857d-7a8fb2a8c4e5:autoScalingGroupName/terraform-20241019133322630800000009",
            "availability_zones": [
              "us-east-1a",
              "us-east-1b"
            ],
            "capacity_rebalance": false,
            "context": "",
            "default_cooldown": 300,
            "default_instance_warmup": 0,
            "desired_capacity": 2,
            "desired_capacity_type": "",
            "enabled_metrics": null,
            "force_delete": false,
            "force_delete_warm_pool": false,
            "health_check_grace_period": 300,
            "health_check_type": "EC2",
            "id": "terraform-20241019133322630800000009",
            "ignore_failed_scaling_activities": false,
            "initial_lifecycle_hook": [],
            "instance_maintenance_policy": [],
            "instance_refresh": [],
            "launch_configuration": "",
            "launch_template": [
              {
                "id": "lt-09ddd933728aeef68",
                "name": "wordpress-lt20241019133321426500000007",
                "version": "$Latest"
              }
            ],
            "load_balancers": [],
            "max_instance_lifetime": 0,
            "max_size": 4,
            "metrics_granularity": "1Minute",
            "min_elb_capacity": null,
            "min_size": 2,
            "mixed_instances_policy": [],
            "name": "terraform-20241019133322630800000009",
            "name_prefix": "terraform-",
            "placement_group": "",
            "predicted_capacity": 0,
            "protect_from_scale_in": false,
            "service_linked_role_arn": "arn:aws:iam::851725301601:role/aws-service-role/autoscaling.amazonaws.com/AWSServiceRoleForAutoScaling",
            "suspended_processes": null,
            "tag": [
              {
                "key": "Application",
                "propagate_at_launch": true,
                "value": "WordPress"
              },
              {
                "key": "Environment",
                "propagate_at_launch": true,
                "value": "Production"
              },
              {
                "key": "Name",
                "propagate_at_launch": true,
                "value": "wordpress-instance"
              }
            ],
            "target_group_arns": [],
            "termination_policies": null,
            "timeouts": null,
            "traffic_source": [],
            "vpc_zone_identifier": [
              "subnet-0ba6190bb85d44940",
              "subnet-0fa27d3832d381028"
            ],
            "wait_for_capacity_timeout": "10m",
            "wait_for_elb_capacity": null,
            "warm_pool": [],
            "warm_pool_size": 0
          },
          "sensitive_attributes": [],
          "private": "eyJlMmJmYjczMC1lY2FhLTExZTYtOGY4OC0zNDM2M2JjN2M0YzAiOnsiZGVsZXRlIjo2MDAwMDAwMDAwMDAsInVwZGF0ZSI6NjAwMDAwMDAwMDAwfSwic2NoZW1hX3ZlcnNpb24iOiIxIn0=",
          "dependencies": [
            "aws_db_instance.bdword",
            "aws_db_subnet_group.db_subnet_group",
            "aws_efs_file_system.file_system_1",
            "aws_elasticache_cluster.cache_cluster",
            "aws_elasticache_subnet_group.this",
            "aws_key_pair.keypair",
            "aws_launch_template.wordpress_lt",
            "aws_security_group.allow_rds",
            "aws_security_group.sc-ec2-wordpress",
            "aws_security_group.sg_elastic-cache",
            "aws_subnet.subnet-private-2a",
            "aws_subnet.subnet-private-2b",
            "aws_subnet.subnet-public-1a",
            "aws_subnet.subnet-public-1b",
            "aws_vpc.mainvpc"
          ]
        }
      ]
    },
    {
      "mode": "managed",
      "type": "aws_db_instance",
      "name": "bdword",
      "provider": "provider[\"registry.terraform.io/hashicorp/aws\"]",
      "instances": [
        {
          "schema_version": 2,
          "attributes": {
            "address": "terraform-20241019132059277700000002.c9qssq6wyudu.us-east-1.rds.amazonaws.com",
            "allocated_storage": 10,
            "allow_major_version_upgrade": null,
            "apply_immediately": false,
            "arn": "arn:aws:rds:us-east-1:851725301601:db:terraform-20241019132059277700000002",
            "auto_minor_version_upgrade": true,
            "availability_zone": "us-east-1b",
            "backup_retention_period": 0,
            "backup_target": "region",
            "backup_window": "08:11-08:41",
            "blue_green_update": [],
            "ca_cert_identifier": "rds-ca-rsa2048-g1",
            "character_set_name": "",
            "copy_tags_to_snapshot": false,
            "custom_iam_instance_profile": "",
            "customer_owned_ip_enabled": false,
            "db_name": "bdwordpress",
            "db_subnet_group_name": "dbsubnet",
            "dedicated_log_volume": false,
            "delete_automated_backups": true,
            "deletion_protection": false,
            "domain": "",
            "domain_auth_secret_arn": "",
            "domain_dns_ips": null,
            "domain_fqdn": "",
            "domain_iam_role_name": "",
            "domain_ou": "",
            "enabled_cloudwatch_logs_exports": null,
            "endpoint": "terraform-20241019132059277700000002.c9qssq6wyudu.us-east-1.rds.amazonaws.com:3306",
            "engine": "mysql",
            "engine_lifecycle_support": "open-source-rds-extended-support",
            "engine_version": "8.0",
            "engine_version_actual": "8.0.39",
            "final_snapshot_identifier": null,
            "hosted_zone_id": "Z2R2ITUGPM61AM",
            "iam_database_authentication_enabled": false,
            "id": "db-7FQWA7VH7OCCSFEPABOGX66LFA",
            "identifier": "terraform-20241019132059277700000002",
            "identifier_prefix": "terraform-",
            "instance_class": "db.t3.micro",
            "iops": 0,
            "kms_key_id": "",
            "latest_restorable_time": "",
            "license_model": "general-public-license",
            "listener_endpoint": [],
            "maintenance_window": "sat:04:22-sat:04:52",
            "manage_master_user_password": null,
            "master_user_secret": [],
            "master_user_secret_kms_key_id": null,
            "max_allocated_storage": 0,
            "monitoring_interval": 0,
            "monitoring_role_arn": "",
            "multi_az": true,
            "nchar_character_set_name": "",
            "network_type": "IPV4",
            "option_group_name": "default:mysql-8-0",
            "parameter_group_name": "default.mysql8.0",
            "password": "elfos123",
            "performance_insights_enabled": false,
            "performance_insights_kms_key_id": "",
            "performance_insights_retention_period": 0,
            "port": 3306,
            "publicly_accessible": false,
            "replica_mode": "",
            "replicas": [],
            "replicate_source_db": "",
            "resource_id": "db-7FQWA7VH7OCCSFEPABOGX66LFA",
            "restore_to_point_in_time": [],
            "s3_import": [],
            "skip_final_snapshot": true,
            "snapshot_identifier": null,
            "status": "available",
            "storage_encrypted": false,
            "storage_throughput": 0,
            "storage_type": "gp2",
            "tags": null,
            "tags_all": {},
            "timeouts": null,
            "timezone": "",
            "upgrade_storage_config": null,
            "username": "elfos",
            "vpc_security_group_ids": [
              "sg-0c72026f02eb93abb"
            ]
          },
          "sensitive_attributes": [
            [
              {
                "type": "get_attr",
                "value": "password"
              }
            ]
          ],
          "private": "eyJlMmJmYjczMC1lY2FhLTExZTYtOGY4OC0zNDM2M2JjN2M0YzAiOnsiY3JlYXRlIjoyNDAwMDAwMDAwMDAwLCJkZWxldGUiOjM2MDAwMDAwMDAwMDAsInVwZGF0ZSI6NDgwMDAwMDAwMDAwMH0sInNjaGVtYV92ZXJzaW9uIjoiMiJ9",
          "dependencies": [
            "aws_db_subnet_group.db_subnet_group",
            "aws_security_group.allow_rds",
            "aws_subnet.subnet-private-2a",
            "aws_subnet.subnet-private-2b",
            "aws_vpc.mainvpc"
          ]
        }
      ]
    },
    {
      "mode": "managed",
      "type": "aws_db_subnet_group",
      "name": "db_subnet_group",
      "provider": "provider[\"registry.terraform.io/hashicorp/aws\"]",
      "instances": [
        {
          "schema_version": 0,
          "attributes": {
            "arn": "arn:aws:rds:us-east-1:851725301601:subgrp:dbsubnet",
            "description": "Managed by Terraform",
            "id": "dbsubnet",
            "name": "dbsubnet",
            "name_prefix": "",
            "subnet_ids": [
              "subnet-003eca1536e52d211",
              "subnet-0a59393c0141d8821"
            ],
            "supported_network_types": [
              "IPV4"
            ],
            "tags": {
              "Name": "Grupo do RDS subnets privadas"
            },
            "tags_all": {
              "Name": "Grupo do RDS subnets privadas"
            },
            "vpc_id": "vpc-03c877bb8fd775e9d"
          },
          "sensitive_attributes": [],
          "private": "bnVsbA==",
          "dependencies": [
            "aws_subnet.subnet-private-2a",
            "aws_subnet.subnet-private-2b",
            "aws_vpc.mainvpc"
          ]
        }
      ]
    },
    {
      "mode": "managed",
      "type": "aws_efs_file_system",
      "name": "file_system_1",
      "provider": "provider[\"registry.terraform.io/hashicorp/aws\"]",
      "instances": [
        {
          "schema_version": 0,
          "attributes": {
            "arn": "arn:aws:elasticfilesystem:us-east-1:851725301601:file-system/fs-03278e796a529b28f",
            "availability_zone_id": "",
            "availability_zone_name": "",
            "creation_token": "efs-test",
            "dns_name": "fs-03278e796a529b28f.efs.us-east-1.amazonaws.com",
            "encrypted": false,
            "id": "fs-03278e796a529b28f",
            "kms_key_id": "",
            "lifecycle_policy": [
              {
                "transition_to_archive": "",
                "transition_to_ia": "AFTER_30_DAYS",
                "transition_to_primary_storage_class": ""
              }
            ],
            "name": "efs-wordpress",
            "number_of_mount_targets": 0,
            "owner_id": "851725301601",
            "performance_mode": "generalPurpose",
            "protection": [
              {
                "replication_overwrite": "ENABLED"
              }
            ],
            "provisioned_throughput_in_mibps": 0,
            "size_in_bytes": [
              {
                "value": 6144,
                "value_in_ia": 0,
                "value_in_standard": 6144
              }
            ],
            "tags": {
              "Name": "efs-wordpress"
            },
            "tags_all": {
              "Name": "efs-wordpress"
            },
            "throughput_mode": "bursting"
          },
          "sensitive_attributes": [],
          "private": "bnVsbA=="
        }
      ]
    },
    {
      "mode": "managed",
      "type": "aws_eip",
      "name": "nat_eip",
      "provider": "provider[\"registry.terraform.io/hashicorp/aws\"]",
      "instances": [
        {
          "schema_version": 0,
          "attributes": {
            "address": null,
            "allocation_id": "eipalloc-0e40ba24d6857209d",
            "arn": "arn:aws:ec2:us-east-1:851725301601:elastic-ip/eipalloc-0e40ba24d6857209d",
            "associate_with_private_ip": null,
            "association_id": "",
            "carrier_ip": "",
            "customer_owned_ip": "",
            "customer_owned_ipv4_pool": "",
            "domain": "vpc",
            "id": "eipalloc-0e40ba24d6857209d",
            "instance": "",
            "ipam_pool_id": null,
            "network_border_group": "us-east-1",
            "network_interface": "",
            "private_dns": null,
            "private_ip": "",
            "ptr_record": "",
            "public_dns": "ec2-23-21-139-80.compute-1.amazonaws.com",
            "public_ip": "23.21.139.80",
            "public_ipv4_pool": "amazon",
            "tags": null,
            "tags_all": {},
            "timeouts": null,
            "vpc": true
          },
          "sensitive_attributes": [],
          "private": "eyJlMmJmYjczMC1lY2FhLTExZTYtOGY4OC0zNDM2M2JjN2M0YzAiOnsiZGVsZXRlIjoxODAwMDAwMDAwMDAsInJlYWQiOjkwMDAwMDAwMDAwMCwidXBkYXRlIjozMDAwMDAwMDAwMDB9fQ=="
        }
      ]
    },
    {
      "mode": "managed",
      "type": "aws_elasticache_cluster",
      "name": "cache_cluster",
      "provider": "provider[\"registry.terraform.io/hashicorp/aws\"]",
      "instances": [
        {
          "schema_version": 0,
          "attributes": {
            "apply_immediately": true,
            "arn": "arn:aws:elasticache:us-east-1:851725301601:cluster:cluster-memcached",
            "auto_minor_version_upgrade": "true",
            "availability_zone": "us-east-1a",
            "az_mode": "single-az",
            "cache_nodes": [
              {
                "address": "cluster-memcached.9egdye.0001.use1.cache.amazonaws.com",
                "availability_zone": "us-east-1a",
                "id": "0001",
                "outpost_arn": "",
                "port": 11211
              },
              {
                "address": "cluster-memcached.9egdye.0002.use1.cache.amazonaws.com",
                "availability_zone": "us-east-1a",
                "id": "0002",
                "outpost_arn": "",
                "port": 11211
              }
            ],
            "cluster_address": "cluster-memcached.9egdye.cfg.use1.cache.amazonaws.com",
            "cluster_id": "cluster-memcached",
            "configuration_endpoint": "cluster-memcached.9egdye.cfg.use1.cache.amazonaws.com:11211",
            "engine": "memcached",
            "engine_version": "1.6.22",
            "engine_version_actual": "1.6.22",
            "final_snapshot_identifier": null,
            "id": "cluster-memcached",
            "ip_discovery": "ipv4",
            "log_delivery_configuration": [],
            "maintenance_window": "tue:03:30-tue:04:30",
            "network_type": "ipv4",
            "node_type": "cache.m4.large",
            "notification_topic_arn": null,
            "num_cache_nodes": 2,
            "outpost_mode": null,
            "parameter_group_name": "default.memcached1.6",
            "port": 11211,
            "preferred_availability_zones": null,
            "preferred_outpost_arn": "",
            "replication_group_id": "",
            "security_group_ids": [
              "sg-05ea8eb81aee1a791"
            ],
            "snapshot_arns": null,
            "snapshot_name": null,
            "snapshot_retention_limit": 0,
            "snapshot_window": "",
            "subnet_group_name": "subnetelastic-cache",
            "tags": {
              "Name": "Cluster_elasticache"
            },
            "tags_all": {
              "Name": "Cluster_elasticache"
            },
            "transit_encryption_enabled": false
          },
          "sensitive_attributes": [],
          "private": "bnVsbA==",
          "dependencies": [
            "aws_elasticache_subnet_group.this",
            "aws_security_group.sg_elastic-cache",
            "aws_subnet.subnet-private-2a",
            "aws_vpc.mainvpc"
          ]
        }
      ]
    },
    {
      "mode": "managed",
      "type": "aws_elasticache_subnet_group",
      "name": "this",
      "provider": "provider[\"registry.terraform.io/hashicorp/aws\"]",
      "instances": [
        {
          "schema_version": 0,
          "attributes": {
            "arn": "arn:aws:elasticache:us-east-1:851725301601:subnetgroup:subnetelastic-cache",
            "description": "Managed by Terraform",
            "id": "subnetelastic-cache",
            "name": "subnetelastic-cache",
            "subnet_ids": [
              "subnet-0a59393c0141d8821"
            ],
            "tags": null,
            "tags_all": {},
            "vpc_id": "vpc-03c877bb8fd775e9d"
          },
          "sensitive_attributes": [],
          "private": "bnVsbA==",
          "dependencies": [
            "aws_subnet.subnet-private-2a",
            "aws_vpc.mainvpc"
          ]
        }
      ]
    },
    {
      "mode": "managed",
      "type": "aws_instance",
      "name": "servidor_dockerl",
      "provider": "provider[\"registry.terraform.io/hashicorp/aws\"]",
      "instances": [
        {
          "schema_version": 1,
          "attributes": {
            "ami": "ami-07d9b9ddc6cd8dd30",
            "arn": "arn:aws:ec2:us-east-1:851725301601:instance/i-05c6917e0338efac1",
            "associate_public_ip_address": false,
            "availability_zone": "us-east-1b",
            "capacity_reservation_specification": [
              {
                "capacity_reservation_preference": "open",
                "capacity_reservation_target": []
              }
            ],
            "cpu_core_count": 2,
            "cpu_options": [
              {
                "amd_sev_snp": "",
                "core_count": 2,
                "threads_per_core": 1
              }
            ],
            "cpu_threads_per_core": 1,
            "credit_specification": [
              {
                "cpu_credits": "standard"
              }
            ],
            "disable_api_stop": false,
            "disable_api_termination": false,
            "ebs_block_device": [],
            "ebs_optimized": false,
            "enclave_options": [
              {
                "enabled": false
              }
            ],
            "ephemeral_block_device": [],
            "get_password_data": false,
            "hibernation": false,
            "host_id": "",
            "host_resource_group_arn": null,
            "iam_instance_profile": "",
            "id": "i-05c6917e0338efac1",
            "instance_initiated_shutdown_behavior": "stop",
            "instance_lifecycle": "",
            "instance_market_options": [],
            "instance_state": "running",
            "instance_type": "t2.medium",
            "ipv6_address_count": 0,
            "ipv6_addresses": [],
            "key_name": "terraform-kaypair",
            "launch_template": [],
            "maintenance_options": [
              {
                "auto_recovery": "default"
              }
            ],
            "metadata_options": [
              {
                "http_endpoint": "enabled",
                "http_protocol_ipv6": "disabled",
                "http_put_response_hop_limit": 1,
                "http_tokens": "optional",
                "instance_metadata_tags": "disabled"
              }
            ],
            "monitoring": false,
            "network_interface": [],
            "outpost_arn": "",
            "password_data": "",
            "placement_group": "",
            "placement_partition_number": 0,
            "primary_network_interface_id": "eni-0a6071edf04a67eb3",
            "private_dns": "ip-10-0-4-35.ec2.internal",
            "private_dns_name_options": [
              {
                "enable_resource_name_dns_a_record": false,
                "enable_resource_name_dns_aaaa_record": false,
                "hostname_type": "ip-name"
              }
            ],
            "private_ip": "10.0.4.35",
            "public_dns": "",
            "public_ip": "",
            "root_block_device": [
              {
                "delete_on_termination": true,
                "device_name": "/dev/sda1",
                "encrypted": false,
                "iops": 100,
                "kms_key_id": "",
                "tags": {},
                "tags_all": {},
                "throughput": 0,
                "volume_id": "vol-04d32049f50943c60",
                "volume_size": 8,
                "volume_type": "gp2"
              }
            ],
            "secondary_private_ips": [],
            "security_groups": [],
            "source_dest_check": true,
            "spot_instance_request_id": "",
            "subnet_id": "subnet-003eca1536e52d211",
            "tags": {
              "Name": "EC2 Docker"
            },
            "tags_all": {
              "Name": "EC2 Docker"
            },
            "tenancy": "default",
            "timeouts": null,
            "user_data": "dfba965c3cdd91c5624f45da628301eb6993cf32",
            "user_data_base64": null,
            "user_data_replace_on_change": false,
            "volume_tags": null,
            "vpc_security_group_ids": [
              "sg-08d801f8e567d5f13"
            ]
          },
          "sensitive_attributes": [],
          "private": "eyJlMmJmYjczMC1lY2FhLTExZTYtOGY4OC0zNDM2M2JjN2M0YzAiOnsiY3JlYXRlIjo2MDAwMDAwMDAwMDAsImRlbGV0ZSI6MTIwMDAwMDAwMDAwMCwicmVhZCI6OTAwMDAwMDAwMDAwLCJ1cGRhdGUiOjYwMDAwMDAwMDAwMH0sInNjaGVtYV92ZXJzaW9uIjoiMSJ9",
          "dependencies": [
            "aws_key_pair.keypair",
            "aws_security_group.sg_docker",
            "aws_subnet.subnet-private-2b",
            "aws_vpc.mainvpc"
          ]
        }
      ]
    },
    {
      "mode": "managed",
      "type": "aws_instance",
      "name": "servidor_pritunl",
      "provider": "provider[\"registry.terraform.io/hashicorp/aws\"]",
      "instances": [
        {
          "schema_version": 1,
          "attributes": {
            "ami": "ami-07d9b9ddc6cd8dd30",
            "arn": "arn:aws:ec2:us-east-1:851725301601:instance/i-0a30e270970198249",
            "associate_public_ip_address": true,
            "availability_zone": "us-east-1b",
            "capacity_reservation_specification": [
              {
                "capacity_reservation_preference": "open",
                "capacity_reservation_target": []
              }
            ],
            "cpu_core_count": 2,
            "cpu_options": [
              {
                "amd_sev_snp": "",
                "core_count": 2,
                "threads_per_core": 1
              }
            ],
            "cpu_threads_per_core": 1,
            "credit_specification": [
              {
                "cpu_credits": "standard"
              }
            ],
            "disable_api_stop": false,
            "disable_api_termination": false,
            "ebs_block_device": [],
            "ebs_optimized": false,
            "enclave_options": [
              {
                "enabled": false
              }
            ],
            "ephemeral_block_device": [],
            "get_password_data": false,
            "hibernation": false,
            "host_id": "",
            "host_resource_group_arn": null,
            "iam_instance_profile": "",
            "id": "i-0a30e270970198249",
            "instance_initiated_shutdown_behavior": "stop",
            "instance_lifecycle": "",
            "instance_market_options": [],
            "instance_state": "running",
            "instance_type": "t2.medium",
            "ipv6_address_count": 0,
            "ipv6_addresses": [],
            "key_name": "terraform-kaypair",
            "launch_template": [],
            "maintenance_options": [
              {
                "auto_recovery": "default"
              }
            ],
            "metadata_options": [
              {
                "http_endpoint": "enabled",
                "http_protocol_ipv6": "disabled",
                "http_put_response_hop_limit": 1,
                "http_tokens": "optional",
                "instance_metadata_tags": "disabled"
              }
            ],
            "monitoring": false,
            "network_interface": [],
            "outpost_arn": "",
            "password_data": "",
            "placement_group": "",
            "placement_partition_number": 0,
            "primary_network_interface_id": "eni-024ce30796982a2bb",
            "private_dns": "ip-10-0-2-98.ec2.internal",
            "private_dns_name_options": [
              {
                "enable_resource_name_dns_a_record": false,
                "enable_resource_name_dns_aaaa_record": false,
                "hostname_type": "ip-name"
              }
            ],
            "private_ip": "10.0.2.98",
            "public_dns": "ec2-3-82-228-189.compute-1.amazonaws.com",
            "public_ip": "3.82.228.189",
            "root_block_device": [
              {
                "delete_on_termination": true,
                "device_name": "/dev/sda1",
                "encrypted": false,
                "iops": 100,
                "kms_key_id": "",
                "tags": {},
                "tags_all": {},
                "throughput": 0,
                "volume_id": "vol-0daec7b126d4d70da",
                "volume_size": 8,
                "volume_type": "gp2"
              }
            ],
            "secondary_private_ips": [],
            "security_groups": [],
            "source_dest_check": true,
            "spot_instance_request_id": "",
            "subnet_id": "subnet-0fa27d3832d381028",
            "tags": {
              "Name": "EC2 Printuln"
            },
            "tags_all": {
              "Name": "EC2 Printuln"
            },
            "tenancy": "default",
            "timeouts": null,
            "user_data": "fd61ec2c78e535760cd38251981bc12858d6b022",
            "user_data_base64": null,
            "user_data_replace_on_change": false,
            "volume_tags": null,
            "vpc_security_group_ids": [
              "sg-08ceb3174dffe7d5c"
            ]
          },
          "sensitive_attributes": [],
          "private": "eyJlMmJmYjczMC1lY2FhLTExZTYtOGY4OC0zNDM2M2JjN2M0YzAiOnsiY3JlYXRlIjo2MDAwMDAwMDAwMDAsImRlbGV0ZSI6MTIwMDAwMDAwMDAwMCwicmVhZCI6OTAwMDAwMDAwMDAwLCJ1cGRhdGUiOjYwMDAwMDAwMDAwMH0sInNjaGVtYV92ZXJzaW9uIjoiMSJ9",
          "dependencies": [
            "aws_key_pair.keypair",
            "aws_security_group.pritunl_sg",
            "aws_subnet.subnet-public-1b",
            "aws_vpc.mainvpc"
          ]
        }
      ]
    },
    {
      "mode": "managed",
      "type": "aws_internet_gateway",
      "name": "igw",
      "provider": "provider[\"registry.terraform.io/hashicorp/aws\"]",
      "instances": [
        {
          "schema_version": 0,
          "attributes": {
            "arn": "arn:aws:ec2:us-east-1:851725301601:internet-gateway/igw-0cca6630e7f22bb46",
            "id": "igw-0cca6630e7f22bb46",
            "owner_id": "851725301601",
            "tags": {
              "Name": "IGWmain"
            },
            "tags_all": {
              "Name": "IGWmain"
            },
            "timeouts": null,
            "vpc_id": "vpc-03c877bb8fd775e9d"
          },
          "sensitive_attributes": [],
          "private": "eyJlMmJmYjczMC1lY2FhLTExZTYtOGY4OC0zNDM2M2JjN2M0YzAiOnsiY3JlYXRlIjoxMjAwMDAwMDAwMDAwLCJkZWxldGUiOjEyMDAwMDAwMDAwMDAsInVwZGF0ZSI6MTIwMDAwMDAwMDAwMH19",
          "dependencies": [
            "aws_vpc.mainvpc"
          ]
        }
      ]
    },
    {
      "mode": "managed",
      "type": "aws_key_pair",
      "name": "keypair",
      "provider": "provider[\"registry.terraform.io/hashicorp/aws\"]",
      "instances": [
        {
          "schema_version": 1,
          "attributes": {
            "arn": "arn:aws:ec2:us-east-1:851725301601:key-pair/terraform-kaypair",
            "fingerprint": "1b:dd:8d:c9:12:cb:cd:33:79:2b:dd:4b:e7:ff:d2:61",
            "id": "terraform-kaypair",
            "key_name": "terraform-kaypair",
            "key_name_prefix": "",
            "key_pair_id": "key-02a38921b50e5f0c8",
            "key_type": "rsa",
            "public_key": "ssh-rsa AAAAB3NzaC1yc2EAAAADAQABAAABgQDZ0gPP9L99H+WEtEpVcA8QcFG3bSpQWgZ939unLV8/QfJu6ONHVhmLYKsZaNXKhf3Cx2HXHUnslCERXEzJpWqZpCVNoHjuzfml2xjs/UJ2wXUFPyYTBbKU2VH/KGQfcQszuPV90zCSFoP+6vcjuSdS3PFg+5+EtM7E6ZpC7MCuawUnq4H5intqIBk3rd/Hs3yp8/vK3Ox5shefmN1QeqgFotXSM/bolRWH9o/6EkO0SYYj/SDXWe4f1h5voZfyEBkZjF0AqLXvZnZ8icH4uDllPqj1TcjFti4H9pMBu6u+hHztmgicwUehG9hXOvVWPWwuvvkUHagbm7Y2Ne02BWRXpS5VGfG29nYBwPpek99gF3WIKf01/Bh2BXvAEvkhCDQKtcqPaMh3fO1UJf4bk0viokntbaqMQuhqn+S7zazHkMWbhbSrFS5KgKi7oad98MyNRIovVaj+d7m0bfXi1xpTn19JmnuIrkeFIE7Y56BOAFfof0750iMgFTZWvH3W5hM= pretoriano@pretoriano-HM570",
            "tags": null,
            "tags_all": {}
          },
          "sensitive_attributes": [],
          "private": "eyJzY2hlbWFfdmVyc2lvbiI6IjEifQ=="
        }
      ]
    },
    {
      "mode": "managed",
      "type": "aws_launch_template",
      "name": "wordpress_lt",
      "provider": "provider[\"registry.terraform.io/hashicorp/aws\"]",
      "instances": [
        {
          "schema_version": 0,
          "attributes": {
            "arn": "arn:aws:ec2:us-east-1:851725301601:launch-template/lt-09ddd933728aeef68",
            "block_device_mappings": [
              {
                "device_name": "/dev/xvda",
                "ebs": [
                  {
                    "delete_on_termination": "",
                    "encrypted": "",
                    "iops": 0,
                    "kms_key_id": "",
                    "snapshot_id": "",
                    "throughput": 0,
                    "volume_size": 20,
                    "volume_type": ""
                  }
                ],
                "no_device": "",
                "virtual_name": ""
              }
            ],
            "capacity_reservation_specification": [],
            "cpu_options": [],
            "credit_specification": [],
            "default_version": 1,
            "description": "",
            "disable_api_stop": false,
            "disable_api_termination": false,
            "ebs_optimized": "",
            "elastic_gpu_specifications": [],
            "elastic_inference_accelerator": [],
            "enclave_options": [],
            "hibernation_options": [],
            "iam_instance_profile": [],
            "id": "lt-09ddd933728aeef68",
            "image_id": "ami-07d9b9ddc6cd8dd30",
            "instance_initiated_shutdown_behavior": "",
            "instance_market_options": [],
            "instance_requirements": [],
            "instance_type": "t2.medium",
            "kernel_id": "",
            "key_name": "terraform-kaypair",
            "latest_version": 1,
            "license_specification": [],
            "maintenance_options": [],
            "metadata_options": [],
            "monitoring": [],
            "name": "wordpress-lt20241019133321426500000007",
            "name_prefix": "wordpress-lt",
            "network_interfaces": [
              {
                "associate_carrier_ip_address": "",
                "associate_public_ip_address": "true",
                "delete_on_termination": "",
                "description": "",
                "device_index": 0,
                "interface_type": "",
                "ipv4_address_count": 0,
                "ipv4_addresses": null,
                "ipv4_prefix_count": 0,
                "ipv4_prefixes": null,
                "ipv6_address_count": 0,
                "ipv6_addresses": null,
                "ipv6_prefix_count": 0,
                "ipv6_prefixes": null,
                "network_card_index": 0,
                "network_interface_id": "",
                "primary_ipv6": "",
                "private_ip_address": "",
                "security_groups": [
                  "sg-0ba5101e4e94127bb"
                ],
                "subnet_id": ""
              }
            ],
            "placement": [],
            "private_dns_name_options": [],
            "ram_disk_id": "",
            "security_group_names": null,
            "tag_specifications": [],
            "tags": null,
            "tags_all": {},
            "update_default_version": null,
            "user_data": "IyEvYmluL2Jhc2gKCiMgQXR1YWxpemEgb3MgcGFjb3RlcwpzdWRvIGFwdCB1cGRhdGUgJiYgc3VkbyBhcHQgdXBncmFkZSAteQpzdWRvIGFwdC1nZXQgaW5zdGFsbCBuZnMtY29tbW9uIC15CnN1ZG8gc3UgLQoKIyBTdWJpbmRvIFdvcmRQcmVzcyBjb20gQW5zaWJsZSAgCmNkIC90bXAKd2dldCBodHRwczovL2dpdGh1Yi5jb20vUHJldG9yaWFubzg4L2Fuc2libGUtd29yZHByZXNzL2FyY2hpdmUvcmVmcy9oZWFkcy9tYWluLnppcApzdWRvIGFwdCBpbnN0YWxsIHVuemlwIC15CnVuemlwIG1haW4uemlwCmNkIGFuc2libGUtd29yZHByZXNzLW1haW4Kc3VkbyBhcHQgaW5zdGFsbCBjdXJsIGFuc2libGUgLXkKc3VkbyBhZGQtYXB0LXJlcG9zaXRvcnkgcHBhOm9uZHJlai9waHAgLXkKc3VkbyBhcHQtZ2V0IHVwZGF0ZQoKIyBFeGVjdXRhciBvIHBsYXlib29rIEFuc2libGUgcGFyYSBjb25maWd1cmFyIG8gV29yZFByZXNzCnN1ZG8gYW5zaWJsZS1wbGF5Ym9vayB3b3JkcHJlc3MueW1sIC0tZXh0cmEtdmFycyAid3BfZGJfbmFtZT1iZHdvcmRwcmVzcyB3cF9kYl91c2VybmFtZT1lbGZvcyB3cF9kYl9wYXNzd29yZD1lbGZvczEyMyB3cF9kYl9ob3N0PXRlcnJhZm9ybS0yMDI0MTAxOTEzMjA1OTI3NzcwMDAwMDAwMi5jOXFzc3E2d3l1ZHUudXMtZWFzdC0xLnJkcy5hbWF6b25hd3MuY29tIHNlc3Npb25fc2F2ZV9wYXRoPScnIgoKIyBQb250byBkZSBtb250YWdlbSBFRlMgY29tcGFydGlsaGFkbwpzdWRvIG1rZGlyIC1wIC92YXIvd3d3L2h0bWwvd3AtY29udGVudC91cGxvYWRzCnN1ZG8gbW91bnQgLXQgbmZzNCAtbyBuZnN2ZXJzPTQuMSxyc2l6ZT0xMDQ4NTc2LHdzaXplPTEwNDg1NzYsaGFyZCx0aW1lbz02MDAscmV0cmFucz0yLG5vcmVzdnBvcnQgZnMtMDMyNzhlNzk2YTUyOWIyOGYuZWZzLnVzLWVhc3QtMS5hbWF6b25hd3MuY29tOi8gL3Zhci93d3cvaHRtbC93cC1jb250ZW50L3VwbG9hZHMKZWNobyAiZnMtMDMyNzhlNzk2YTUyOWIyOGYuZWZzLnVzLWVhc3QtMS5hbWF6b25hd3MuY29tOi8gL3Zhci93d3cvaHRtbC93cC1jb250ZW50L3VwbG9hZHMgbmZzNCBkZWZhdWx0cyxfbmV0ZGV2IDAgMCIgfCBzdWRvIHRlZSAtYSAvZXRjL2ZzdGFiCgojIENvbmZpZ3VyYXIgbyBNZW1jYWNoZWQgcGFyYSB1c2FyIG8gY2x1c3Rlcgphd3NfZWxhc3RpY2FjaGU9ImNsdXN0ZXItbWVtY2FjaGVkLjllZ2R5ZS4wMDAxLnVzZTEuY2FjaGUuYW1hem9uYXdzLmNvbSIKc3VkbyBhcHQtZ2V0IGluc3RhbGwgLXkgcGhwNy40LW1lbWNhY2hlZCBtZW1jYWNoZWQKZWNobyAic2Vzc2lvbi5zYXZlX2hhbmRsZXIgPSBtZW1jYWNoZWQiID4+IC9ldGMvcGhwLzcuNC9mcG0vcGhwLmluaQplY2hvICJzZXNzaW9uLnNhdmVfcGF0aCA9ICdjbHVzdGVyLW1lbWNhY2hlZC45ZWdkeWUuMDAwMS51c2UxLmNhY2hlLmFtYXpvbmF3cy5jb20nIiA+PiAvZXRjL3BocC83LjQvZnBtL3BocC5pbmkKc3VkbyBzeXN0ZW1jdGwgcmVzdGFydCBwaHA3LjQtZnBtCgojIEluc3RhbGFyIFdvcmRQcmVzcyBDTEkgcGFyYSBmYWNpbGl0YXIgYSBjb25maWd1cmHDp8OjbwpjdXJsIC1PIGh0dHBzOi8vcmF3LmdpdGh1YnVzZXJjb250ZW50LmNvbS93cC1jbGkvYnVpbGRzL2doLXBhZ2VzL3BoYXIvd3AtY2xpLnBoYXIKY2htb2QgK3ggd3AtY2xpLnBoYXIKc3VkbyBtdiB3cC1jbGkucGhhciAvdXNyL2xvY2FsL2Jpbi93cApjZCAvdmFyL3d3dy9odG1sCgojIENvbmZpZ3VyYXIgbyBXb3JkUHJlc3MgcGFyYSB1c2FyIE1lbWNhY2hlZAp3cCBjb25maWcgc2V0IFdQX0NBQ0hFIHRydWUgLS1wYXRoPSIvdmFyL3d3dy9odG1sL3dvcmRwcmVzcyIgLS1hbGxvdy1yb290CndwIGNvbmZpZyBzZXQgbWVtY2FjaGVkX3NlcnZlcnMgImFycmF5KCAnZGVmYXVsdCcgPT4gYXJyYXkoICdjbHVzdGVyLW1lbWNhY2hlZC45ZWdkeWUuMDAwMS51c2UxLmNhY2hlLmFtYXpvbmF3cy5jb20nICkgKTsiIC0tcGF0aD0iL3Zhci93d3cvaHRtbC93b3JkcHJlc3MiIC0tYWxsb3ctcm9vdApzdWRvIHN5c3RlbWN0bCByZXN0YXJ0IHBocDcuNC1mcG0K",
            "vpc_security_group_ids": null
          },
          "sensitive_attributes": [
            [
              {
                "type": "get_attr",
                "value": "user_data"
              }
            ]
          ],
          "private": "bnVsbA==",
          "dependencies": [
            "aws_db_instance.bdword",
            "aws_db_subnet_group.db_subnet_group",
            "aws_efs_file_system.file_system_1",
            "aws_elasticache_cluster.cache_cluster",
            "aws_elasticache_subnet_group.this",
            "aws_key_pair.keypair",
            "aws_security_group.allow_rds",
            "aws_security_group.sc-ec2-wordpress",
            "aws_security_group.sg_elastic-cache",
            "aws_subnet.subnet-private-2a",
            "aws_subnet.subnet-private-2b",
            "aws_vpc.mainvpc"
          ]
        }
      ]
    },
    {
      "mode": "managed",
      "type": "aws_lb",
      "name": "wordpress_alb",
      "provider": "provider[\"registry.terraform.io/hashicorp/aws\"]",
      "instances": [
        {
          "schema_version": 0,
          "attributes": {
            "access_logs": [
              {
                "bucket": "",
                "enabled": false,
                "prefix": ""
              }
            ],
            "arn": "arn:aws:elasticloadbalancing:us-east-1:851725301601:loadbalancer/app/wordpress-load-balancer/8693fb8a90e574be",
            "arn_suffix": "app/wordpress-load-balancer/8693fb8a90e574be",
            "client_keep_alive": 3600,
            "connection_logs": [
              {
                "bucket": "",
                "enabled": false,
                "prefix": ""
              }
            ],
            "customer_owned_ipv4_pool": "",
            "desync_mitigation_mode": "defensive",
            "dns_name": "wordpress-load-balancer-1381060345.us-east-1.elb.amazonaws.com",
            "dns_record_client_routing_policy": null,
            "drop_invalid_header_fields": false,
            "enable_cross_zone_load_balancing": true,
            "enable_deletion_protection": false,
            "enable_http2": true,
            "enable_tls_version_and_cipher_suite_headers": false,
            "enable_waf_fail_open": false,
            "enable_xff_client_port": false,
            "enforce_security_group_inbound_rules_on_private_link_traffic": "",
            "id": "arn:aws:elasticloadbalancing:us-east-1:851725301601:loadbalancer/app/wordpress-load-balancer/8693fb8a90e574be",
            "idle_timeout": 60,
            "internal": false,
            "ip_address_type": "ipv4",
            "load_balancer_type": "application",
            "name": "wordpress-load-balancer",
            "name_prefix": "",
            "preserve_host_header": false,
            "security_groups": [
              "sg-08d801f8e567d5f13"
            ],
            "subnet_mapping": [
              {
                "allocation_id": "",
                "ipv6_address": "",
                "outpost_id": "",
                "private_ipv4_address": "",
                "subnet_id": "subnet-0ba6190bb85d44940"
              },
              {
                "allocation_id": "",
                "ipv6_address": "",
                "outpost_id": "",
                "private_ipv4_address": "",
                "subnet_id": "subnet-0fa27d3832d381028"
              }
            ],
            "subnets": [
              "subnet-0ba6190bb85d44940",
              "subnet-0fa27d3832d381028"
            ],
            "tags": null,
            "tags_all": {},
            "timeouts": null,
            "vpc_id": "vpc-03c877bb8fd775e9d",
            "xff_header_processing_mode": "append",
            "zone_id": "Z35SXDOTRQ7X7K"
          },
          "sensitive_attributes": [],
          "private": "eyJlMmJmYjczMC1lY2FhLTExZTYtOGY4OC0zNDM2M2JjN2M0YzAiOnsiY3JlYXRlIjo2MDAwMDAwMDAwMDAsImRlbGV0ZSI6NjAwMDAwMDAwMDAwLCJ1cGRhdGUiOjYwMDAwMDAwMDAwMH19",
          "dependencies": [
            "aws_security_group.sg_docker",
            "aws_subnet.subnet-public-1a",
            "aws_subnet.subnet-public-1b",
            "aws_vpc.mainvpc"
          ]
        }
      ]
    },
    {
      "mode": "managed",
      "type": "aws_lb_listener",
      "name": "wordpress_listener",
      "provider": "provider[\"registry.terraform.io/hashicorp/aws\"]",
      "instances": [
        {
          "schema_version": 0,
          "attributes": {
            "alpn_policy": null,
            "arn": "arn:aws:elasticloadbalancing:us-east-1:851725301601:listener/app/wordpress-load-balancer/8693fb8a90e574be/51c9a11ba19be5f7",
            "certificate_arn": null,
            "default_action": [
              {
                "authenticate_cognito": [],
                "authenticate_oidc": [],
                "fixed_response": [],
                "forward": [],
                "order": 1,
                "redirect": [],
                "target_group_arn": "arn:aws:elasticloadbalancing:us-east-1:851725301601:targetgroup/wordpress-target-group/b008af7cb07b3d07",
                "type": "forward"
              }
            ],
            "id": "arn:aws:elasticloadbalancing:us-east-1:851725301601:listener/app/wordpress-load-balancer/8693fb8a90e574be/51c9a11ba19be5f7",
            "load_balancer_arn": "arn:aws:elasticloadbalancing:us-east-1:851725301601:loadbalancer/app/wordpress-load-balancer/8693fb8a90e574be",
            "mutual_authentication": [],
            "port": 80,
            "protocol": "HTTP",
            "ssl_policy": "",
            "tags": null,
            "tags_all": {},
            "timeouts": null
          },
          "sensitive_attributes": [],
          "private": "eyJlMmJmYjczMC1lY2FhLTExZTYtOGY4OC0zNDM2M2JjN2M0YzAiOnsiY3JlYXRlIjozMDAwMDAwMDAwMDAsInVwZGF0ZSI6MzAwMDAwMDAwMDAwfX0=",
          "dependencies": [
            "aws_lb.wordpress_alb",
            "aws_lb_target_group.wordpress_tg",
            "aws_security_group.sg_docker",
            "aws_subnet.subnet-public-1a",
            "aws_subnet.subnet-public-1b",
            "aws_vpc.mainvpc"
          ]
        }
      ]
    },
    {
      "mode": "managed",
      "type": "aws_lb_target_group",
      "name": "wordpress_tg",
      "provider": "provider[\"registry.terraform.io/hashicorp/aws\"]",
      "instances": [
        {
          "schema_version": 0,
          "attributes": {
            "arn": "arn:aws:elasticloadbalancing:us-east-1:851725301601:targetgroup/wordpress-target-group/b008af7cb07b3d07",
            "arn_suffix": "targetgroup/wordpress-target-group/b008af7cb07b3d07",
            "connection_termination": null,
            "deregistration_delay": "300",
            "health_check": [
              {
                "enabled": true,
                "healthy_threshold": 3,
                "interval": 30,
                "matcher": "200",
                "path": "/",
                "port": "traffic-port",
                "protocol": "HTTP",
                "timeout": 5,
                "unhealthy_threshold": 3
              }
            ],
            "id": "arn:aws:elasticloadbalancing:us-east-1:851725301601:targetgroup/wordpress-target-group/b008af7cb07b3d07",
            "ip_address_type": "ipv4",
            "lambda_multi_value_headers_enabled": false,
            "load_balancer_arns": [],
            "load_balancing_algorithm_type": "round_robin",
            "load_balancing_anomaly_mitigation": "off",
            "load_balancing_cross_zone_enabled": "use_load_balancer_configuration",
            "name": "wordpress-target-group",
            "name_prefix": "",
            "port": 80,
            "preserve_client_ip": null,
            "protocol": "HTTP",
            "protocol_version": "HTTP1",
            "proxy_protocol_v2": false,
            "slow_start": 0,
            "stickiness": [
              {
                "cookie_duration": 86400,
                "cookie_name": "",
                "enabled": false,
                "type": "lb_cookie"
              }
            ],
            "tags": null,
            "tags_all": {},
            "target_failover": [
              {
                "on_deregistration": null,
                "on_unhealthy": null
              }
            ],
            "target_group_health": [
              {
                "dns_failover": [
                  {
                    "minimum_healthy_targets_count": "1",
                    "minimum_healthy_targets_percentage": "off"
                  }
                ],
                "unhealthy_state_routing": [
                  {
                    "minimum_healthy_targets_count": 1,
                    "minimum_healthy_targets_percentage": "off"
                  }
                ]
              }
            ],
            "target_health_state": [
              {
                "enable_unhealthy_connection_termination": null,
                "unhealthy_draining_interval": null
              }
            ],
            "target_type": "instance",
            "vpc_id": "vpc-03c877bb8fd775e9d"
          },
          "sensitive_attributes": [],
          "private": "bnVsbA==",
          "dependencies": [
            "aws_vpc.mainvpc"
          ]
        }
      ]
    },
    {
      "mode": "managed",
      "type": "aws_nat_gateway",
      "name": "nat_gateway",
      "provider": "provider[\"registry.terraform.io/hashicorp/aws\"]",
      "instances": [
        {
          "schema_version": 0,
          "attributes": {
            "allocation_id": "eipalloc-0e40ba24d6857209d",
            "association_id": "eipassoc-0945987cc82ddc5fb",
            "connectivity_type": "public",
            "id": "nat-00c59fe54cc58d108",
            "network_interface_id": "eni-0832b986a5cd470c6",
            "private_ip": "10.0.2.147",
            "public_ip": "23.21.139.80",
            "secondary_allocation_ids": null,
            "secondary_private_ip_address_count": 0,
            "secondary_private_ip_addresses": [],
            "subnet_id": "subnet-0fa27d3832d381028",
            "tags": {
              "Name": "Nat-Gateway"
            },
            "tags_all": {
              "Name": "Nat-Gateway"
            },
            "timeouts": null
          },
          "sensitive_attributes": [],
          "private": "eyJlMmJmYjczMC1lY2FhLTExZTYtOGY4OC0zNDM2M2JjN2M0YzAiOnsiY3JlYXRlIjo2MDAwMDAwMDAwMDAsImRlbGV0ZSI6MTgwMDAwMDAwMDAwMCwidXBkYXRlIjo2MDAwMDAwMDAwMDB9fQ==",
          "dependencies": [
            "aws_eip.nat_eip",
            "aws_subnet.subnet-public-1b",
            "aws_vpc.mainvpc"
          ]
        }
      ]
    },
    {
      "mode": "managed",
      "type": "aws_route_table",
      "name": "private_route_table",
      "provider": "provider[\"registry.terraform.io/hashicorp/aws\"]",
      "instances": [
        {
          "schema_version": 0,
          "attributes": {
            "arn": "arn:aws:ec2:us-east-1:851725301601:route-table/rtb-0f8fb80556b0ae4de",
            "id": "rtb-0f8fb80556b0ae4de",
            "owner_id": "851725301601",
            "propagating_vgws": [],
            "route": [
              {
                "carrier_gateway_id": "",
                "cidr_block": "0.0.0.0/0",
                "core_network_arn": "",
                "destination_prefix_list_id": "",
                "egress_only_gateway_id": "",
                "gateway_id": "",
                "ipv6_cidr_block": "",
                "local_gateway_id": "",
                "nat_gateway_id": "nat-00c59fe54cc58d108",
                "network_interface_id": "",
                "transit_gateway_id": "",
                "vpc_endpoint_id": "",
                "vpc_peering_connection_id": ""
              }
            ],
            "tags": null,
            "tags_all": {},
            "timeouts": null,
            "vpc_id": "vpc-03c877bb8fd775e9d"
          },
          "sensitive_attributes": [],
          "private": "eyJlMmJmYjczMC1lY2FhLTExZTYtOGY4OC0zNDM2M2JjN2M0YzAiOnsiY3JlYXRlIjozMDAwMDAwMDAwMDAsImRlbGV0ZSI6MzAwMDAwMDAwMDAwLCJ1cGRhdGUiOjEyMDAwMDAwMDAwMH19",
          "dependencies": [
            "aws_eip.nat_eip",
            "aws_nat_gateway.nat_gateway",
            "aws_subnet.subnet-public-1b",
            "aws_vpc.mainvpc"
          ]
        }
      ]
    },
    {
      "mode": "managed",
      "type": "aws_route_table",
      "name": "public_route_table",
      "provider": "provider[\"registry.terraform.io/hashicorp/aws\"]",
      "instances": [
        {
          "schema_version": 0,
          "attributes": {
            "arn": "arn:aws:ec2:us-east-1:851725301601:route-table/rtb-0ee9e2872c5a7101e",
            "id": "rtb-0ee9e2872c5a7101e",
            "owner_id": "851725301601",
            "propagating_vgws": [],
            "route": [
              {
                "carrier_gateway_id": "",
                "cidr_block": "0.0.0.0/0",
                "core_network_arn": "",
                "destination_prefix_list_id": "",
                "egress_only_gateway_id": "",
                "gateway_id": "igw-0cca6630e7f22bb46",
                "ipv6_cidr_block": "",
                "local_gateway_id": "",
                "nat_gateway_id": "",
                "network_interface_id": "",
                "transit_gateway_id": "",
                "vpc_endpoint_id": "",
                "vpc_peering_connection_id": ""
              }
            ],
            "tags": null,
            "tags_all": {},
            "timeouts": null,
            "vpc_id": "vpc-03c877bb8fd775e9d"
          },
          "sensitive_attributes": [],
          "private": "eyJlMmJmYjczMC1lY2FhLTExZTYtOGY4OC0zNDM2M2JjN2M0YzAiOnsiY3JlYXRlIjozMDAwMDAwMDAwMDAsImRlbGV0ZSI6MzAwMDAwMDAwMDAwLCJ1cGRhdGUiOjEyMDAwMDAwMDAwMH19",
          "dependencies": [
            "aws_internet_gateway.igw",
            "aws_vpc.mainvpc"
          ]
        }
      ]
    },
    {
      "mode": "managed",
      "type": "aws_route_table_association",
      "name": "private_route_association",
      "provider": "provider[\"registry.terraform.io/hashicorp/aws\"]",
      "instances": [
        {
          "schema_version": 0,
          "attributes": {
            "gateway_id": "",
            "id": "rtbassoc-01b86e70c511b5ce7",
            "route_table_id": "rtb-0f8fb80556b0ae4de",
            "subnet_id": "subnet-003eca1536e52d211",
            "timeouts": null
          },
          "sensitive_attributes": [],
          "private": "eyJlMmJmYjczMC1lY2FhLTExZTYtOGY4OC0zNDM2M2JjN2M0YzAiOnsiY3JlYXRlIjozMDAwMDAwMDAwMDAsImRlbGV0ZSI6MzAwMDAwMDAwMDAwLCJ1cGRhdGUiOjEyMDAwMDAwMDAwMH19",
          "dependencies": [
            "aws_eip.nat_eip",
            "aws_nat_gateway.nat_gateway",
            "aws_route_table.private_route_table",
            "aws_subnet.subnet-private-2b",
            "aws_subnet.subnet-public-1b",
            "aws_vpc.mainvpc"
          ]
        }
      ]
    },
    {
      "mode": "managed",
      "type": "aws_route_table_association",
      "name": "public_subnet_association_1a",
      "provider": "provider[\"registry.terraform.io/hashicorp/aws\"]",
      "instances": [
        {
          "schema_version": 0,
          "attributes": {
            "gateway_id": "",
            "id": "rtbassoc-0d91cb4955ac5b99c",
            "route_table_id": "rtb-0ee9e2872c5a7101e",
            "subnet_id": "subnet-0ba6190bb85d44940",
            "timeouts": null
          },
          "sensitive_attributes": [],
          "private": "eyJlMmJmYjczMC1lY2FhLTExZTYtOGY4OC0zNDM2M2JjN2M0YzAiOnsiY3JlYXRlIjozMDAwMDAwMDAwMDAsImRlbGV0ZSI6MzAwMDAwMDAwMDAwLCJ1cGRhdGUiOjEyMDAwMDAwMDAwMH19",
          "dependencies": [
            "aws_internet_gateway.igw",
            "aws_route_table.public_route_table",
            "aws_subnet.subnet-public-1a",
            "aws_vpc.mainvpc"
          ]
        }
      ]
    },
    {
      "mode": "managed",
      "type": "aws_route_table_association",
      "name": "public_subnet_association_1b",
      "provider": "provider[\"registry.terraform.io/hashicorp/aws\"]",
      "instances": [
        {
          "schema_version": 0,
          "attributes": {
            "gateway_id": "",
            "id": "rtbassoc-0cc3576349994495a",
            "route_table_id": "rtb-0ee9e2872c5a7101e",
            "subnet_id": "subnet-0fa27d3832d381028",
            "timeouts": null
          },
          "sensitive_attributes": [],
          "private": "eyJlMmJmYjczMC1lY2FhLTExZTYtOGY4OC0zNDM2M2JjN2M0YzAiOnsiY3JlYXRlIjozMDAwMDAwMDAwMDAsImRlbGV0ZSI6MzAwMDAwMDAwMDAwLCJ1cGRhdGUiOjEyMDAwMDAwMDAwMH19",
          "dependencies": [
            "aws_internet_gateway.igw",
            "aws_route_table.public_route_table",
            "aws_subnet.subnet-public-1b",
            "aws_vpc.mainvpc"
          ]
        }
      ]
    },
    {
      "mode": "managed",
      "type": "aws_security_group",
      "name": "allow_rds",
      "provider": "provider[\"registry.terraform.io/hashicorp/aws\"]",
      "instances": [
        {
          "schema_version": 1,
          "attributes": {
            "arn": "arn:aws:ec2:us-east-1:851725301601:security-group/sg-0c72026f02eb93abb",
            "description": "Allow MySQL traffic from EC2 instances",
            "egress": [
              {
                "cidr_blocks": [
                  "0.0.0.0/0"
                ],
                "description": "",
                "from_port": 0,
                "ipv6_cidr_blocks": [],
                "prefix_list_ids": [],
                "protocol": "-1",
                "security_groups": [],
                "self": false,
                "to_port": 0
              }
            ],
            "id": "sg-0c72026f02eb93abb",
            "ingress": [
              {
                "cidr_blocks": [
                  "10.0.0.0/16"
                ],
                "description": "MySQL",
                "from_port": 3306,
                "ipv6_cidr_blocks": [],
                "prefix_list_ids": [],
                "protocol": "tcp",
                "security_groups": [],
                "self": false,
                "to_port": 3306
              }
            ],
            "name": "allow_rds",
            "name_prefix": "",
            "owner_id": "851725301601",
            "revoke_rules_on_delete": false,
            "tags": {
              "Name": "allow_rds"
            },
            "tags_all": {
              "Name": "allow_rds"
            },
            "timeouts": null,
            "vpc_id": "vpc-03c877bb8fd775e9d"
          },
          "sensitive_attributes": [],
          "private": "eyJlMmJmYjczMC1lY2FhLTExZTYtOGY4OC0zNDM2M2JjN2M0YzAiOnsiY3JlYXRlIjo2MDAwMDAwMDAwMDAsImRlbGV0ZSI6OTAwMDAwMDAwMDAwfSwic2NoZW1hX3ZlcnNpb24iOiIxIn0=",
          "dependencies": [
            "aws_vpc.mainvpc"
          ]
        }
      ]
    },
    {
      "mode": "managed",
      "type": "aws_security_group",
      "name": "efs-sg",
      "provider": "provider[\"registry.terraform.io/hashicorp/aws\"]",
      "instances": []
    },
    {
      "mode": "managed",
      "type": "aws_security_group",
      "name": "pritunl_sg",
      "provider": "provider[\"registry.terraform.io/hashicorp/aws\"]",
      "instances": [
        {
          "schema_version": 1,
          "attributes": {
            "arn": "arn:aws:ec2:us-east-1:851725301601:security-group/sg-08ceb3174dffe7d5c",
            "description": "Security group for Pritunl VPN Server",
            "egress": [
              {
                "cidr_blocks": [
                  "0.0.0.0/0"
                ],
                "description": "",
                "from_port": 0,
                "ipv6_cidr_blocks": [],
                "prefix_list_ids": [],
                "protocol": "-1",
                "security_groups": [],
                "self": false,
                "to_port": 0
              }
            ],
            "id": "sg-08ceb3174dffe7d5c",
            "ingress": [
              {
                "cidr_blocks": [
                  "0.0.0.0/0"
                ],
                "description": "",
                "from_port": 1194,
                "ipv6_cidr_blocks": [],
                "prefix_list_ids": [],
                "protocol": "udp",
                "security_groups": [],
                "self": false,
                "to_port": 1194
              },
              {
                "cidr_blocks": [
                  "177.30.71.32/32"
                ],
                "description": "",
                "from_port": 22,
                "ipv6_cidr_blocks": [],
                "prefix_list_ids": [],
                "protocol": "tcp",
                "security_groups": [],
                "self": false,
                "to_port": 22
              },
              {
                "cidr_blocks": [
                  "177.30.71.32/32"
                ],
                "description": "",
                "from_port": 443,
                "ipv6_cidr_blocks": [],
                "prefix_list_ids": [],
                "protocol": "tcp",
                "security_groups": [],
                "self": false,
                "to_port": 443
              }
            ],
            "name": "pritunl-sg",
            "name_prefix": "",
            "owner_id": "851725301601",
            "revoke_rules_on_delete": false,
            "tags": null,
            "tags_all": {},
            "timeouts": null,
            "vpc_id": "vpc-03c877bb8fd775e9d"
          },
          "sensitive_attributes": [],
          "private": "eyJlMmJmYjczMC1lY2FhLTExZTYtOGY4OC0zNDM2M2JjN2M0YzAiOnsiY3JlYXRlIjo2MDAwMDAwMDAwMDAsImRlbGV0ZSI6OTAwMDAwMDAwMDAwfSwic2NoZW1hX3ZlcnNpb24iOiIxIn0=",
          "dependencies": [
            "aws_vpc.mainvpc"
          ]
        }
      ]
    },
    {
      "mode": "managed",
      "type": "aws_security_group",
      "name": "sc-ec2-wordpress",
      "provider": "provider[\"registry.terraform.io/hashicorp/aws\"]",
      "instances": [
        {
          "schema_version": 1,
          "attributes": {
            "arn": "arn:aws:ec2:us-east-1:851725301601:security-group/sg-0ba5101e4e94127bb",
            "description": "Allow SSH, HTTP",
            "egress": [
              {
                "cidr_blocks": [
                  "0.0.0.0/0"
                ],
                "description": "",
                "from_port": 0,
                "ipv6_cidr_blocks": [
                  "::/0"
                ],
                "prefix_list_ids": [],
                "protocol": "-1",
                "security_groups": [],
                "self": false,
                "to_port": 0
              }
            ],
            "id": "sg-0ba5101e4e94127bb",
            "ingress": [
              {
                "cidr_blocks": [
                  "0.0.0.0/0"
                ],
                "description": "HTTP",
                "from_port": 80,
                "ipv6_cidr_blocks": [],
                "prefix_list_ids": [],
                "protocol": "tcp",
                "security_groups": [],
                "self": false,
                "to_port": 80
              },
              {
                "cidr_blocks": [
                  "177.30.71.32/32"
                ],
                "description": "SSH",
                "from_port": 22,
                "ipv6_cidr_blocks": [],
                "prefix_list_ids": [],
                "protocol": "tcp",
                "security_groups": [],
                "self": false,
                "to_port": 22
              }
            ],
            "name": "pemitir ssh, http",
            "name_prefix": "",
            "owner_id": "851725301601",
            "revoke_rules_on_delete": false,
            "tags": {
              "Name": "allow_ssh_http_node"
            },
            "tags_all": {
              "Name": "allow_ssh_http_node"
            },
            "timeouts": null,
            "vpc_id": "vpc-03c877bb8fd775e9d"
          },
          "sensitive_attributes": [],
          "private": "eyJlMmJmYjczMC1lY2FhLTExZTYtOGY4OC0zNDM2M2JjN2M0YzAiOnsiY3JlYXRlIjo2MDAwMDAwMDAwMDAsImRlbGV0ZSI6OTAwMDAwMDAwMDAwfSwic2NoZW1hX3ZlcnNpb24iOiIxIn0=",
          "dependencies": [
            "aws_vpc.mainvpc"
          ]
        }
      ]
    },
    {
      "mode": "managed",
      "type": "aws_security_group",
      "name": "sg_docker",
      "provider": "provider[\"registry.terraform.io/hashicorp/aws\"]",
      "instances": [
        {
          "schema_version": 1,
          "attributes": {
            "arn": "arn:aws:ec2:us-east-1:851725301601:security-group/sg-08d801f8e567d5f13",
            "description": "Allow HTTP traffic for container acces",
            "egress": [
              {
                "cidr_blocks": [
                  "0.0.0.0/0"
                ],
                "description": "",
                "from_port": 0,
                "ipv6_cidr_blocks": [],
                "prefix_list_ids": [],
                "protocol": "-1",
                "security_groups": [],
                "self": false,
                "to_port": 0
              }
            ],
            "id": "sg-08d801f8e567d5f13",
            "ingress": [
              {
                "cidr_blocks": [
                  "0.0.0.0/0"
                ],
                "description": "Permitir HTTP na porta 8080",
                "from_port": 8080,
                "ipv6_cidr_blocks": [],
                "prefix_list_ids": [],
                "protocol": "tcp",
                "security_groups": [],
                "self": false,
                "to_port": 8080
              }
            ],
            "name": "allow_http_traffic",
            "name_prefix": "",
            "owner_id": "851725301601",
            "revoke_rules_on_delete": false,
            "tags": null,
            "tags_all": {},
            "timeouts": null,
            "vpc_id": "vpc-03c877bb8fd775e9d"
          },
          "sensitive_attributes": [],
          "private": "eyJlMmJmYjczMC1lY2FhLTExZTYtOGY4OC0zNDM2M2JjN2M0YzAiOnsiY3JlYXRlIjo2MDAwMDAwMDAwMDAsImRlbGV0ZSI6OTAwMDAwMDAwMDAwfSwic2NoZW1hX3ZlcnNpb24iOiIxIn0=",
          "dependencies": [
            "aws_vpc.mainvpc"
          ]
        }
      ]
    },
    {
      "mode": "managed",
      "type": "aws_security_group",
      "name": "sg_elastic-cache",
      "provider": "provider[\"registry.terraform.io/hashicorp/aws\"]",
      "instances": [
        {
          "schema_version": 1,
          "attributes": {
            "arn": "arn:aws:ec2:us-east-1:851725301601:security-group/sg-05ea8eb81aee1a791",
            "description": "Security group for Memcached",
            "egress": [
              {
                "cidr_blocks": [
                  "0.0.0.0/0"
                ],
                "description": "",
                "from_port": 0,
                "ipv6_cidr_blocks": [],
                "prefix_list_ids": [],
                "protocol": "-1",
                "security_groups": [],
                "self": false,
                "to_port": 0
              }
            ],
            "id": "sg-05ea8eb81aee1a791",
            "ingress": [
              {
                "cidr_blocks": [
                  "10.0.0.0/16"
                ],
                "description": "Allow inbound traffic from EC2 instances",
                "from_port": 11211,
                "ipv6_cidr_blocks": [],
                "prefix_list_ids": [],
                "protocol": "tcp",
                "security_groups": [],
                "self": false,
                "to_port": 11211
              }
            ],
            "name": "memcached",
            "name_prefix": "",
            "owner_id": "851725301601",
            "revoke_rules_on_delete": false,
            "tags": {
              "Name": "sg-memcached"
            },
            "tags_all": {
              "Name": "sg-memcached"
            },
            "timeouts": null,
            "vpc_id": "vpc-03c877bb8fd775e9d"
          },
          "sensitive_attributes": [],
          "private": "eyJlMmJmYjczMC1lY2FhLTExZTYtOGY4OC0zNDM2M2JjN2M0YzAiOnsiY3JlYXRlIjo2MDAwMDAwMDAwMDAsImRlbGV0ZSI6OTAwMDAwMDAwMDAwfSwic2NoZW1hX3ZlcnNpb24iOiIxIn0=",
          "dependencies": [
            "aws_vpc.mainvpc"
          ]
        }
      ]
    },
    {
      "mode": "managed",
      "type": "aws_subnet",
      "name": "subnet-private-2a",
      "provider": "provider[\"registry.terraform.io/hashicorp/aws\"]",
      "instances": [
        {
          "schema_version": 1,
          "attributes": {
            "arn": "arn:aws:ec2:us-east-1:851725301601:subnet/subnet-0a59393c0141d8821",
            "assign_ipv6_address_on_creation": false,
            "availability_zone": "us-east-1a",
            "availability_zone_id": "use1-az1",
            "cidr_block": "10.0.3.0/24",
            "customer_owned_ipv4_pool": "",
            "enable_dns64": false,
            "enable_lni_at_device_index": 0,
            "enable_resource_name_dns_a_record_on_launch": false,
            "enable_resource_name_dns_aaaa_record_on_launch": false,
            "id": "subnet-0a59393c0141d8821",
            "ipv6_cidr_block": "",
            "ipv6_cidr_block_association_id": "",
            "ipv6_native": false,
            "map_customer_owned_ip_on_launch": false,
            "map_public_ip_on_launch": false,
            "outpost_arn": "",
            "owner_id": "851725301601",
            "private_dns_hostname_type_on_launch": "ip-name",
            "tags": {
              "Name": "Sub-Private-1a"
            },
            "tags_all": {
              "Name": "Sub-Private-1a"
            },
            "timeouts": null,
            "vpc_id": "vpc-03c877bb8fd775e9d"
          },
          "sensitive_attributes": [],
          "private": "eyJlMmJmYjczMC1lY2FhLTExZTYtOGY4OC0zNDM2M2JjN2M0YzAiOnsiY3JlYXRlIjo2MDAwMDAwMDAwMDAsImRlbGV0ZSI6MTIwMDAwMDAwMDAwMH0sInNjaGVtYV92ZXJzaW9uIjoiMSJ9",
          "dependencies": [
            "aws_vpc.mainvpc"
          ]
        }
      ]
    },
    {
      "mode": "managed",
      "type": "aws_subnet",
      "name": "subnet-private-2b",
      "provider": "provider[\"registry.terraform.io/hashicorp/aws\"]",
      "instances": [
        {
          "schema_version": 1,
          "attributes": {
            "arn": "arn:aws:ec2:us-east-1:851725301601:subnet/subnet-003eca1536e52d211",
            "assign_ipv6_address_on_creation": false,
            "availability_zone": "us-east-1b",
            "availability_zone_id": "use1-az2",
            "cidr_block": "10.0.4.0/24",
            "customer_owned_ipv4_pool": "",
            "enable_dns64": false,
            "enable_lni_at_device_index": 0,
            "enable_resource_name_dns_a_record_on_launch": false,
            "enable_resource_name_dns_aaaa_record_on_launch": false,
            "id": "subnet-003eca1536e52d211",
            "ipv6_cidr_block": "",
            "ipv6_cidr_block_association_id": "",
            "ipv6_native": false,
            "map_customer_owned_ip_on_launch": false,
            "map_public_ip_on_launch": false,
            "outpost_arn": "",
            "owner_id": "851725301601",
            "private_dns_hostname_type_on_launch": "ip-name",
            "tags": {
              "Name": "Sub-Private-1b"
            },
            "tags_all": {
              "Name": "Sub-Private-1b"
            },
            "timeouts": null,
            "vpc_id": "vpc-03c877bb8fd775e9d"
          },
          "sensitive_attributes": [],
          "private": "eyJlMmJmYjczMC1lY2FhLTExZTYtOGY4OC0zNDM2M2JjN2M0YzAiOnsiY3JlYXRlIjo2MDAwMDAwMDAwMDAsImRlbGV0ZSI6MTIwMDAwMDAwMDAwMH0sInNjaGVtYV92ZXJzaW9uIjoiMSJ9",
          "dependencies": [
            "aws_vpc.mainvpc"
          ]
        }
      ]
    },
    {
      "mode": "managed",
      "type": "aws_subnet",
      "name": "subnet-public-1a",
      "provider": "provider[\"registry.terraform.io/hashicorp/aws\"]",
      "instances": [
        {
          "schema_version": 1,
          "attributes": {
            "arn": "arn:aws:ec2:us-east-1:851725301601:subnet/subnet-0ba6190bb85d44940",
            "assign_ipv6_address_on_creation": false,
            "availability_zone": "us-east-1a",
            "availability_zone_id": "use1-az1",
            "cidr_block": "10.0.1.0/24",
            "customer_owned_ipv4_pool": "",
            "enable_dns64": false,
            "enable_lni_at_device_index": 0,
            "enable_resource_name_dns_a_record_on_launch": false,
            "enable_resource_name_dns_aaaa_record_on_launch": false,
            "id": "subnet-0ba6190bb85d44940",
            "ipv6_cidr_block": "",
            "ipv6_cidr_block_association_id": "",
            "ipv6_native": false,
            "map_customer_owned_ip_on_launch": false,
            "map_public_ip_on_launch": true,
            "outpost_arn": "",
            "owner_id": "851725301601",
            "private_dns_hostname_type_on_launch": "ip-name",
            "tags": {
              "Name": "Sub-Public-1a"
            },
            "tags_all": {
              "Name": "Sub-Public-1a"
            },
            "timeouts": null,
            "vpc_id": "vpc-03c877bb8fd775e9d"
          },
          "sensitive_attributes": [],
          "private": "eyJlMmJmYjczMC1lY2FhLTExZTYtOGY4OC0zNDM2M2JjN2M0YzAiOnsiY3JlYXRlIjo2MDAwMDAwMDAwMDAsImRlbGV0ZSI6MTIwMDAwMDAwMDAwMH0sInNjaGVtYV92ZXJzaW9uIjoiMSJ9",
          "dependencies": [
            "aws_vpc.mainvpc"
          ]
        }
      ]
    },
    {
      "mode": "managed",
      "type": "aws_subnet",
      "name": "subnet-public-1b",
      "provider": "provider[\"registry.terraform.io/hashicorp/aws\"]",
      "instances": [
        {
          "schema_version": 1,
          "attributes": {
            "arn": "arn:aws:ec2:us-east-1:851725301601:subnet/subnet-0fa27d3832d381028",
            "assign_ipv6_address_on_creation": false,
            "availability_zone": "us-east-1b",
            "availability_zone_id": "use1-az2",
            "cidr_block": "10.0.2.0/24",
            "customer_owned_ipv4_pool": "",
            "enable_dns64": false,
            "enable_lni_at_device_index": 0,
            "enable_resource_name_dns_a_record_on_launch": false,
            "enable_resource_name_dns_aaaa_record_on_launch": false,
            "id": "subnet-0fa27d3832d381028",
            "ipv6_cidr_block": "",
            "ipv6_cidr_block_association_id": "",
            "ipv6_native": false,
            "map_customer_owned_ip_on_launch": false,
            "map_public_ip_on_launch": true,
            "outpost_arn": "",
            "owner_id": "851725301601",
            "private_dns_hostname_type_on_launch": "ip-name",
            "tags": {
              "Name": "Sub-Public-1b"
            },
            "tags_all": {
              "Name": "Sub-Public-1b"
            },
            "timeouts": null,
            "vpc_id": "vpc-03c877bb8fd775e9d"
          },
          "sensitive_attributes": [],
          "private": "eyJlMmJmYjczMC1lY2FhLTExZTYtOGY4OC0zNDM2M2JjN2M0YzAiOnsiY3JlYXRlIjo2MDAwMDAwMDAwMDAsImRlbGV0ZSI6MTIwMDAwMDAwMDAwMH0sInNjaGVtYV92ZXJzaW9uIjoiMSJ9",
          "dependencies": [
            "aws_vpc.mainvpc"
          ]
        }
      ]
    },
    {
      "mode": "managed",
      "type": "aws_vpc",
      "name": "mainvpc",
      "provider": "provider[\"registry.terraform.io/hashicorp/aws\"]",
      "instances": [
        {
          "schema_version": 1,
          "attributes": {
            "arn": "arn:aws:ec2:us-east-1:851725301601:vpc/vpc-03c877bb8fd775e9d",
            "assign_generated_ipv6_cidr_block": false,
            "cidr_block": "10.0.0.0/16",
            "default_network_acl_id": "acl-0227c8986ed8ea2d5",
            "default_route_table_id": "rtb-06ee91312011c608a",
            "default_security_group_id": "sg-022589f0c5e9ad38a",
            "dhcp_options_id": "dopt-00acb7e61e8065f2b",
            "enable_dns_hostnames": true,
            "enable_dns_support": true,
            "enable_network_address_usage_metrics": false,
            "id": "vpc-03c877bb8fd775e9d",
            "instance_tenancy": "default",
            "ipv4_ipam_pool_id": null,
            "ipv4_netmask_length": null,
            "ipv6_association_id": "",
            "ipv6_cidr_block": "",
            "ipv6_cidr_block_network_border_group": "",
            "ipv6_ipam_pool_id": "",
            "ipv6_netmask_length": 0,
            "main_route_table_id": "rtb-06ee91312011c608a",
            "owner_id": "851725301601",
            "tags": null,
            "tags_all": {}
          },
          "sensitive_attributes": [],
          "private": "eyJzY2hlbWFfdmVyc2lvbiI6IjEifQ=="
        }
      ]
    }
  ],
  "check_results": null
}
